
Microsoft Visual Studio Solution File, Format Version 12.00
# Visual Studio Version 17
VisualStudioVersion = 17.8.34525.116
MinimumVisualStudioVersion = 10.0.40219.1
Project("{FAE04EC0-301F-11D3-BF4B-00C04F79EFBC}") = "Problema1_Recursividad", "Problema1_Recursividad\Problema1_Recursividad.csproj", "{A1AA7634-C84D-4AA3-B686-7824362CD272}"
EndProject
Project("{FAE04EC0-301F-11D3-BF4B-00C04F79EFBC}") = "Problema2_Recursividad", "Problema2_Recursividad\Problema2_Recursividad.csproj", "{F103F3F6-F405-416B-8314-978B4B145957}"
EndProject
Global
	GlobalSection(SolutionConfigurationPlatforms) = preSolution
		Debug|Any CPU = Debug|Any CPU
		Release|Any CPU = Release|Any CPU
	EndGlobalSection
	GlobalSection(ProjectConfigurationPlatforms) = postSolution
		{A1AA7634-C84D-4AA3-B686-7824362CD272}.Debug|Any CPU.ActiveCfg = Debug|Any CPU
		{A1AA7634-C84D-4AA3-B686-7824362CD272}.Debug|Any CPU.Build.0 = Debug|Any CPU
		{A1AA7634-C84D-4AA3-B686-7824362CD272}.Release|Any CPU.ActiveCfg = Release|Any CPU
		{A1AA7634-C84D-4AA3-B686-7824362CD272}.Release|Any CPU.Build.0 = Release|Any CPU
		{F103F3F6-F405-416B-8314-978B4B145957}.Debug|Any CPU.ActiveCfg = Debug|Any CPU
		{F103F3F6-F405-416B-8314-978B4B145957}.Debug|Any CPU.Build.0 = Debug|Any CPU
		{F103F3F6-F405-416B-8314-978B4B145957}.Release|Any CPU.ActiveCfg = Release|Any CPU
		{F103F3F6-F405-416B-8314-978B4B145957}.Release|Any CPU.Build.0 = Release|Any CPU
	EndGlobalSection
	GlobalSection(SolutionProperties) = preSolution
		HideSolutionNode = FALSE
	EndGlobalSection
	GlobalSection(ExtensibilityGlobals) = postSolution
		SolutionGuid = {D70699BC-3A4D-4132-815A-D52FCE2824CD}
	EndGlobalSection
EndGlobal
